
Microsoft Visual Studio Solution File, Format Version 12.00
# Visual Studio 15
VisualStudioVersion = 15.0.28010.2046
MinimumVisualStudioVersion = 10.0.40219.1
Project("{FAE04EC0-301F-11D3-BF4B-00C04F79EFBC}") = "esercizio numero 5", "esercizio numero 5\esercizio numero 5.csproj", "{F694EA0B-0B3F-4746-A80E-69EB26B2FB05}"
EndProject
Global
	GlobalSection(SolutionConfigurationPlatforms) = preSolution
		Debug|Any CPU = Debug|Any CPU
		Release|Any CPU = Release|Any CPU
	EndGlobalSection
	GlobalSection(ProjectConfigurationPlatforms) = postSolution
		{F694EA0B-0B3F-4746-A80E-69EB26B2FB05}.Debug|Any CPU.ActiveCfg = Debug|Any CPU
		{F694EA0B-0B3F-4746-A80E-69EB26B2FB05}.Debug|Any CPU.Build.0 = Debug|Any CPU
		{F694EA0B-0B3F-4746-A80E-69EB26B2FB05}.Release|Any CPU.ActiveCfg = Release|Any CPU
		{F694EA0B-0B3F-4746-A80E-69EB26B2FB05}.Release|Any CPU.Build.0 = Release|Any CPU
	EndGlobalSection
	GlobalSection(SolutionProperties) = preSolution
		HideSolutionNode = FALSE
	EndGlobalSection
	GlobalSection(ExtensibilityGlobals) = postSolution
		SolutionGuid = {769E2627-FF9C-4D9A-8457-54FA79733F59}
	EndGlobalSection
EndGlobal
